// !$*UTF8*$!
{
	archiveVersion = 1;
	classes = {
	};
	objectVersion = 56;
	objects = {

/* Begin PBXBuildFile section */
		146F88862C8CBB9300F67720 /* AppDelegate.swift in Sources */ = {isa = PBXBuildFile; fileRef = 146F88852C8CBB9300F67720 /* AppDelegate.swift */; };
		146F88882C8CBB9300F67720 /* SceneDelegate.swift in Sources */ = {isa = PBXBuildFile; fileRef = 146F88872C8CBB9300F67720 /* SceneDelegate.swift */; };
		146F888A2C8CBB9300F67720 /* ViewController.swift in Sources */ = {isa = PBXBuildFile; fileRef = 146F88892C8CBB9300F67720 /* ViewController.swift */; };
		146F888D2C8CBB9300F67720 /* Base in Resources */ = {isa = PBXBuildFile; fileRef = 146F888C2C8CBB9300F67720 /* Base */; };
		146F888F2C8CBB9500F67720 /* Assets.xcassets in Resources */ = {isa = PBXBuildFile; fileRef = 146F888E2C8CBB9500F67720 /* Assets.xcassets */; };
		146F88922C8CBB9500F67720 /* Base in Resources */ = {isa = PBXBuildFile; fileRef = 146F88912C8CBB9500F67720 /* Base */; };
		146F889D2C8CBB9600F67720 /* _st_hw_LeeYouhyeonTests.swift in Sources */ = {isa = PBXBuildFile; fileRef = 146F889C2C8CBB9600F67720 /* _st_hw_LeeYouhyeonTests.swift */; };
		146F88A72C8CBB9600F67720 /* _st_hw_LeeYouhyeonUITests.swift in Sources */ = {isa = PBXBuildFile; fileRef = 146F88A62C8CBB9600F67720 /* _st_hw_LeeYouhyeonUITests.swift */; };
		146F88A92C8CBB9600F67720 /* _st_hw_LeeYouhyeonUITestsLaunchTests.swift in Sources */ = {isa = PBXBuildFile; fileRef = 146F88A82C8CBB9600F67720 /* _st_hw_LeeYouhyeonUITestsLaunchTests.swift */; };
/* End PBXBuildFile section */

/* Begin PBXContainerItemProxy section */
		146F88992C8CBB9500F67720 /* PBXContainerItemProxy */ = {
			isa = PBXContainerItemProxy;
			containerPortal = 146F887A2C8CBB9300F67720 /* Project object */;
			proxyType = 1;
			remoteGlobalIDString = 146F88812C8CBB9300F67720;
			remoteInfo = 1st_hw_LeeYouhyeon;
		};
		146F88A32C8CBB9600F67720 /* PBXContainerItemProxy */ = {
			isa = PBXContainerItemProxy;
			containerPortal = 146F887A2C8CBB9300F67720 /* Project object */;
			proxyType = 1;
			remoteGlobalIDString = 146F88812C8CBB9300F67720;
			remoteInfo = 1st_hw_LeeYouhyeon;
		};
/* End PBXContainerItemProxy section */

/* Begin PBXFileReference section */
		146F88822C8CBB9300F67720 /* 1st_hw_LeeYouhyeon.app */ = {isa = PBXFileReference; explicitFileType = wrapper.application; includeInIndex = 0; path = 1st_hw_LeeYouhyeon.app; sourceTree = BUILT_PRODUCTS_DIR; };
		146F88852C8CBB9300F67720 /* AppDelegate.swift */ = {isa = PBXFileReference; lastKnownFileType = sourcecode.swift; path = AppDelegate.swift; sourceTree = "<group>"; };
		146F88872C8CBB9300F67720 /* SceneDelegate.swift */ = {isa = PBXFileReference; lastKnownFileType = sourcecode.swift; path = SceneDelegate.swift; sourceTree = "<group>"; };
		146F88892C8CBB9300F67720 /* ViewController.swift */ = {isa = PBXFileReference; lastKnownFileType = sourcecode.swift; path = ViewController.swift; sourceTree = "<group>"; };
		146F888C2C8CBB9300F67720 /* Base */ = {isa = PBXFileReference; lastKnownFileType = file.storyboard; name = Base; path = Base.lproj/Main.storyboard; sourceTree = "<group>"; };
		146F888E2C8CBB9500F67720 /* Assets.xcassets */ = {isa = PBXFileReference; lastKnownFileType = folder.assetcatalog; path = Assets.xcassets; sourceTree = "<group>"; };
		146F88912C8CBB9500F67720 /* Base */ = {isa = PBXFileReference; lastKnownFileType = file.storyboard; name = Base; path = Base.lproj/LaunchScreen.storyboard; sourceTree = "<group>"; };
		146F88932C8CBB9500F67720 /* Info.plist */ = {isa = PBXFileReference; lastKnownFileType = text.plist.xml; path = Info.plist; sourceTree = "<group>"; };
		146F88982C8CBB9500F67720 /* 1st_hw_LeeYouhyeonTests.xctest */ = {isa = PBXFileReference; explicitFileType = wrapper.cfbundle; includeInIndex = 0; path = 1st_hw_LeeYouhyeonTests.xctest; sourceTree = BUILT_PRODUCTS_DIR; };
		146F889C2C8CBB9600F67720 /* _st_hw_LeeYouhyeonTests.swift */ = {isa = PBXFileReference; lastKnownFileType = sourcecode.swift; path = _st_hw_LeeYouhyeonTests.swift; sourceTree = "<group>"; };
		146F88A22C8CBB9600F67720 /* 1st_hw_LeeYouhyeonUITests.xctest */ = {isa = PBXFileReference; explicitFileType = wrapper.cfbundle; includeInIndex = 0; path = 1st_hw_LeeYouhyeonUITests.xctest; sourceTree = BUILT_PRODUCTS_DIR; };
		146F88A62C8CBB9600F67720 /* _st_hw_LeeYouhyeonUITests.swift */ = {isa = PBXFileReference; lastKnownFileType = sourcecode.swift; path = _st_hw_LeeYouhyeonUITests.swift; sourceTree = "<group>"; };
		146F88A82C8CBB9600F67720 /* _st_hw_LeeYouhyeonUITestsLaunchTests.swift */ = {isa = PBXFileReference; lastKnownFileType = sourcecode.swift; path = _st_hw_LeeYouhyeonUITestsLaunchTests.swift; sourceTree = "<group>"; };
/* End PBXFileReference section */

/* Begin PBXFrameworksBuildPhase section */
		146F887F2C8CBB9300F67720 /* Frameworks */ = {
			isa = PBXFrameworksBuildPhase;
			buildActionMask = 2147483647;
			files = (
			);
			runOnlyForDeploymentPostprocessing = 0;
		};
		146F88952C8CBB9500F67720 /* Frameworks */ = {
			isa = PBXFrameworksBuildPhase;
			buildActionMask = 2147483647;
			files = (
			);
			runOnlyForDeploymentPostprocessing = 0;
		};
		146F889F2C8CBB9600F67720 /* Frameworks */ = {
			isa = PBXFrameworksBuildPhase;
			buildActionMask = 2147483647;
			files = (
			);
			runOnlyForDeploymentPostprocessing = 0;
		};
/* End PBXFrameworksBuildPhase section */

/* Begin PBXGroup section */
		146F88792C8CBB9300F67720 = {
			isa = PBXGroup;
			children = (
				146F88842C8CBB9300F67720 /* 1st_hw_LeeYouhyeon */,
				146F889B2C8CBB9500F67720 /* 1st_hw_LeeYouhyeonTests */,
				146F88A52C8CBB9600F67720 /* 1st_hw_LeeYouhyeonUITests */,
				146F88832C8CBB9300F67720 /* Products */,
			);
			sourceTree = "<group>";
		};
		146F88832C8CBB9300F67720 /* Products */ = {
			isa = PBXGroup;
			children = (
				146F88822C8CBB9300F67720 /* 1st_hw_LeeYouhyeon.app */,
				146F88982C8CBB9500F67720 /* 1st_hw_LeeYouhyeonTests.xctest */,
				146F88A22C8CBB9600F67720 /* 1st_hw_LeeYouhyeonUITests.xctest */,
			);
			name = Products;
			sourceTree = "<group>";
		};
		146F88842C8CBB9300F67720 /* 1st_hw_LeeYouhyeon */ = {
			isa = PBXGroup;
			children = (
				146F88852C8CBB9300F67720 /* AppDelegate.swift */,
				146F88872C8CBB9300F67720 /* SceneDelegate.swift */,
				146F88892C8CBB9300F67720 /* ViewController.swift */,
				146F888B2C8CBB9300F67720 /* Main.storyboard */,
				146F888E2C8CBB9500F67720 /* Assets.xcassets */,
				146F88902C8CBB9500F67720 /* LaunchScreen.storyboard */,
				146F88932C8CBB9500F67720 /* Info.plist */,
			);
			path = 1st_hw_LeeYouhyeon;
			sourceTree = "<group>";
		};
		146F889B2C8CBB9500F67720 /* 1st_hw_LeeYouhyeonTests */ = {
			isa = PBXGroup;
			children = (
				146F889C2C8CBB9600F67720 /* _st_hw_LeeYouhyeonTests.swift */,
			);
			path = 1st_hw_LeeYouhyeonTests;
			sourceTree = "<group>";
		};
		146F88A52C8CBB9600F67720 /* 1st_hw_LeeYouhyeonUITests */ = {
			isa = PBXGroup;
			children = (
				146F88A62C8CBB9600F67720 /* _st_hw_LeeYouhyeonUITests.swift */,
				146F88A82C8CBB9600F67720 /* _st_hw_LeeYouhyeonUITestsLaunchTests.swift */,
			);
			path = 1st_hw_LeeYouhyeonUITests;
			sourceTree = "<group>";
		};
/* End PBXGroup section */

/* Begin PBXNativeTarget section */
		146F88812C8CBB9300F67720 /* 1st_hw_LeeYouhyeon */ = {
			isa = PBXNativeTarget;
			buildConfigurationList = 146F88AC2C8CBB9600F67720 /* Build configuration list for PBXNativeTarget "1st_hw_LeeYouhyeon" */;
			buildPhases = (
				146F887E2C8CBB9300F67720 /* Sources */,
				146F887F2C8CBB9300F67720 /* Frameworks */,
				146F88802C8CBB9300F67720 /* Resources */,
			);
			buildRules = (
			);
			dependencies = (
			);
			name = 1st_hw_LeeYouhyeon;
			productName = 1st_hw_LeeYouhyeon;
			productReference = 146F88822C8CBB9300F67720 /* 1st_hw_LeeYouhyeon.app */;
			productType = "com.apple.product-type.application";
		};
		146F88972C8CBB9500F67720 /* 1st_hw_LeeYouhyeonTests */ = {
			isa = PBXNativeTarget;
			buildConfigurationList = 146F88AF2C8CBB9600F67720 /* Build configuration list for PBXNativeTarget "1st_hw_LeeYouhyeonTests" */;
			buildPhases = (
				146F88942C8CBB9500F67720 /* Sources */,
				146F88952C8CBB9500F67720 /* Frameworks */,
				146F88962C8CBB9500F67720 /* Resources */,
			);
			buildRules = (
			);
			dependencies = (
				146F889A2C8CBB9500F67720 /* PBXTargetDependency */,
			);
			name = 1st_hw_LeeYouhyeonTests;
			productName = 1st_hw_LeeYouhyeonTests;
			productReference = 146F88982C8CBB9500F67720 /* 1st_hw_LeeYouhyeonTests.xctest */;
			productType = "com.apple.product-type.bundle.unit-test";
		};
		146F88A12C8CBB9600F67720 /* 1st_hw_LeeYouhyeonUITests */ = {
			isa = PBXNativeTarget;
			buildConfigurationList = 146F88B22C8CBB9600F67720 /* Build configuration list for PBXNativeTarget "1st_hw_LeeYouhyeonUITests" */;
			buildPhases = (
				146F889E2C8CBB9600F67720 /* Sources */,
				146F889F2C8CBB9600F67720 /* Frameworks */,
				146F88A02C8CBB9600F67720 /* Resources */,
			);
			buildRules = (
			);
			dependencies = (
				146F88A42C8CBB9600F67720 /* PBXTargetDependency */,
			);
			name = 1st_hw_LeeYouhyeonUITests;
			productName = 1st_hw_LeeYouhyeonUITests;
			productReference = 146F88A22C8CBB9600F67720 /* 1st_hw_LeeYouhyeonUITests.xctest */;
			productType = "com.apple.product-type.bundle.ui-testing";
		};
/* End PBXNativeTarget section */

/* Begin PBXProject section */
		146F887A2C8CBB9300F67720 /* Project object */ = {
			isa = PBXProject;
			attributes = {
				BuildIndependentTargetsInParallel = 1;
				LastSwiftUpdateCheck = 1540;
				LastUpgradeCheck = 1540;
				TargetAttributes = {
					146F88812C8CBB9300F67720 = {
						CreatedOnToolsVersion = 15.4;
					};
					146F88972C8CBB9500F67720 = {
						CreatedOnToolsVersion = 15.4;
						TestTargetID = 146F88812C8CBB9300F67720;
					};
					146F88A12C8CBB9600F67720 = {
						CreatedOnToolsVersion = 15.4;
						TestTargetID = 146F88812C8CBB9300F67720;
					};
				};
			};
			buildConfigurationList = 146F887D2C8CBB9300F67720 /* Build configuration list for PBXProject "1st_hw_LeeYouhyeon" */;
			compatibilityVersion = "Xcode 14.0";
			developmentRegion = en;
			hasScannedForEncodings = 0;
			knownRegions = (
				en,
				Base,
			);
			mainGroup = 146F88792C8CBB9300F67720;
			productRefGroup = 146F88832C8CBB9300F67720 /* Products */;
			projectDirPath = "";
			projectRoot = "";
			targets = (
				146F88812C8CBB9300F67720 /* 1st_hw_LeeYouhyeon */,
				146F88972C8CBB9500F67720 /* 1st_hw_LeeYouhyeonTests */,
				146F88A12C8CBB9600F67720 /* 1st_hw_LeeYouhyeonUITests */,
			);
		};
/* End PBXProject section */

/* Begin PBXResourcesBuildPhase section */
		146F88802C8CBB9300F67720 /* Resources */ = {
			isa = PBXResourcesBuildPhase;
			buildActionMask = 2147483647;
			files = (
				146F888F2C8CBB9500F67720 /* Assets.xcassets in Resources */,
				146F88922C8CBB9500F67720 /* Base in Resources */,
				146F888D2C8CBB9300F67720 /* Base in Resources */,
			);
			runOnlyForDeploymentPostprocessing = 0;
		};
		146F88962C8CBB9500F67720 /* Resources */ = {
			isa = PBXResourcesBuildPhase;
			buildActionMask = 2147483647;
			files = (
			);
			runOnlyForDeploymentPostprocessing = 0;
		};
		146F88A02C8CBB9600F67720 /* Resources */ = {
			isa = PBXResourcesBuildPhase;
			buildActionMask = 2147483647;
			files = (
			);
			runOnlyForDeploymentPostprocessing = 0;
		};
/* End PBXResourcesBuildPhase section */

/* Begin PBXSourcesBuildPhase section */
		146F887E2C8CBB9300F67720 /* Sources */ = {
			isa = PBXSourcesBuildPhase;
			buildActionMask = 2147483647;
			files = (
				146F888A2C8CBB9300F67720 /* ViewController.swift in Sources */,
				146F88862C8CBB9300F67720 /* AppDelegate.swift in Sources */,
				146F88882C8CBB9300F67720 /* SceneDelegate.swift in Sources */,
			);
			runOnlyForDeploymentPostprocessing = 0;
		};
		146F88942C8CBB9500F67720 /* Sources */ = {
			isa = PBXSourcesBuildPhase;
			buildActionMask = 2147483647;
			files = (
				146F889D2C8CBB9600F67720 /* _st_hw_LeeYouhyeonTests.swift in Sources */,
			);
			runOnlyForDeploymentPostprocessing = 0;
		};
		146F889E2C8CBB9600F67720 /* Sources */ = {
			isa = PBXSourcesBuildPhase;
			buildActionMask = 2147483647;
			files = (
				146F88A72C8CBB9600F67720 /* _st_hw_LeeYouhyeonUITests.swift in Sources */,
				146F88A92C8CBB9600F67720 /* _st_hw_LeeYouhyeonUITestsLaunchTests.swift in Sources */,
			);
			runOnlyForDeploymentPostprocessing = 0;
		};
/* End PBXSourcesBuildPhase section */

/* Begin PBXTargetDependency section */
		146F889A2C8CBB9500F67720 /* PBXTargetDependency */ = {
			isa = PBXTargetDependency;
			target = 146F88812C8CBB9300F67720 /* 1st_hw_LeeYouhyeon */;
			targetProxy = 146F88992C8CBB9500F67720 /* PBXContainerItemProxy */;
		};
		146F88A42C8CBB9600F67720 /* PBXTargetDependency */ = {
			isa = PBXTargetDependency;
			target = 146F88812C8CBB9300F67720 /* 1st_hw_LeeYouhyeon */;
			targetProxy = 146F88A32C8CBB9600F67720 /* PBXContainerItemProxy */;
		};
/* End PBXTargetDependency section */

/* Begin PBXVariantGroup section */
		146F888B2C8CBB9300F67720 /* Main.storyboard */ = {
			isa = PBXVariantGroup;
			children = (
				146F888C2C8CBB9300F67720 /* Base */,
			);
			name = Main.storyboard;
			sourceTree = "<group>";
		};
		146F88902C8CBB9500F67720 /* LaunchScreen.storyboard */ = {
			isa = PBXVariantGroup;
			children = (
				146F88912C8CBB9500F67720 /* Base */,
			);
			name = LaunchScreen.storyboard;
			sourceTree = "<group>";
		};
/* End PBXVariantGroup section */

/* Begin XCBuildConfiguration section */
		146F88AA2C8CBB9600F67720 /* Debug */ = {
			isa = XCBuildConfiguration;
			buildSettings = {
				ALWAYS_SEARCH_USER_PATHS = NO;
				ASSETCATALOG_COMPILER_GENERATE_SWIFT_ASSET_SYMBOL_EXTENSIONS = YES;
				CLANG_ANALYZER_NONNULL = YES;
				CLANG_ANALYZER_NUMBER_OBJECT_CONVERSION = YES_AGGRESSIVE;
				CLANG_CXX_LANGUAGE_STANDARD = "gnu++20";
				CLANG_ENABLE_MODULES = YES;
				CLANG_ENABLE_OBJC_ARC = YES;
				CLANG_ENABLE_OBJC_WEAK = YES;
				CLANG_WARN_BLOCK_CAPTURE_AUTORELEASING = YES;
				CLANG_WARN_BOOL_CONVERSION = YES;
				CLANG_WARN_COMMA = YES;
				CLANG_WARN_CONSTANT_CONVERSION = YES;
				CLANG_WARN_DEPRECATED_OBJC_IMPLEMENTATIONS = YES;
				CLANG_WARN_DIRECT_OBJC_ISA_USAGE = YES_ERROR;
				CLANG_WARN_DOCUMENTATION_COMMENTS = YES;
				CLANG_WARN_EMPTY_BODY = YES;
				CLANG_WARN_ENUM_CONVERSION = YES;
				CLANG_WARN_INFINITE_RECURSION = YES;
				CLANG_WARN_INT_CONVERSION = YES;
				CLANG_WARN_NON_LITERAL_NULL_CONVERSION = YES;
				CLANG_WARN_OBJC_IMPLICIT_RETAIN_SELF = YES;
				CLANG_WARN_OBJC_LITERAL_CONVERSION = YES;
				CLANG_WARN_OBJC_ROOT_CLASS = YES_ERROR;
				CLANG_WARN_QUOTED_INCLUDE_IN_FRAMEWORK_HEADER = YES;
				CLANG_WARN_RANGE_LOOP_ANALYSIS = YES;
				CLANG_WARN_STRICT_PROTOTYPES = YES;
				CLANG_WARN_SUSPICIOUS_MOVE = YES;
				CLANG_WARN_UNGUARDED_AVAILABILITY = YES_AGGRESSIVE;
				CLANG_WARN_UNREACHABLE_CODE = YES;
				CLANG_WARN__DUPLICATE_METHOD_MATCH = YES;
				COPY_PHASE_STRIP = NO;
				DEBUG_INFORMATION_FORMAT = dwarf;
				ENABLE_STRICT_OBJC_MSGSEND = YES;
				ENABLE_TESTABILITY = YES;
				ENABLE_USER_SCRIPT_SANDBOXING = YES;
				GCC_C_LANGUAGE_STANDARD = gnu17;
				GCC_DYNAMIC_NO_PIC = NO;
				GCC_NO_COMMON_BLOCKS = YES;
				GCC_OPTIMIZATION_LEVEL = 0;
				GCC_PREPROCESSOR_DEFINITIONS = (
					"DEBUG=1",
					"$(inherited)",
				);
				GCC_WARN_64_TO_32_BIT_CONVERSION = YES;
				GCC_WARN_ABOUT_RETURN_TYPE = YES_ERROR;
				GCC_WARN_UNDECLARED_SELECTOR = YES;
				GCC_WARN_UNINITIALIZED_AUTOS = YES_AGGRESSIVE;
				GCC_WARN_UNUSED_FUNCTION = YES;
				GCC_WARN_UNUSED_VARIABLE = YES;
				IPHONEOS_DEPLOYMENT_TARGET = 17.5;
				LOCALIZATION_PREFERS_STRING_CATALOGS = YES;
				MTL_ENABLE_DEBUG_INFO = INCLUDE_SOURCE;
				MTL_FAST_MATH = YES;
				ONLY_ACTIVE_ARCH = YES;
				SDKROOT = iphoneos;
				SWIFT_ACTIVE_COMPILATION_CONDITIONS = "DEBUG $(inherited)";
				SWIFT_OPTIMIZATION_LEVEL = "-Onone";
			};
			name = Debug;
		};
		146F88AB2C8CBB9600F67720 /* Release */ = {
			isa = XCBuildConfiguration;
			buildSettings = {
				ALWAYS_SEARCH_USER_PATHS = NO;
				ASSETCATALOG_COMPILER_GENERATE_SWIFT_ASSET_SYMBOL_EXTENSIONS = YES;
				CLANG_ANALYZER_NONNULL = YES;
				CLANG_ANALYZER_NUMBER_OBJECT_CONVERSION = YES_AGGRESSIVE;
				CLANG_CXX_LANGUAGE_STANDARD = "gnu++20";
				CLANG_ENABLE_MODULES = YES;
				CLANG_ENABLE_OBJC_ARC = YES;
				CLANG_ENABLE_OBJC_WEAK = YES;
				CLANG_WARN_BLOCK_CAPTURE_AUTORELEASING = YES;
				CLANG_WARN_BOOL_CONVERSION = YES;
				CLANG_WARN_COMMA = YES;
				CLANG_WARN_CONSTANT_CONVERSION = YES;
				CLANG_WARN_DEPRECATED_OBJC_IMPLEMENTATIONS = YES;
				CLANG_WARN_DIRECT_OBJC_ISA_USAGE = YES_ERROR;
				CLANG_WARN_DOCUMENTATION_COMMENTS = YES;
				CLANG_WARN_EMPTY_BODY = YES;
				CLANG_WARN_ENUM_CONVERSION = YES;
				CLANG_WARN_INFINITE_RECURSION = YES;
				CLANG_WARN_INT_CONVERSION = YES;
				CLANG_WARN_NON_LITERAL_NULL_CONVERSION = YES;
				CLANG_WARN_OBJC_IMPLICIT_RETAIN_SELF = YES;
				CLANG_WARN_OBJC_LITERAL_CONVERSION = YES;
				CLANG_WARN_OBJC_ROOT_CLASS = YES_ERROR;
				CLANG_WARN_QUOTED_INCLUDE_IN_FRAMEWORK_HEADER = YES;
				CLANG_WARN_RANGE_LOOP_ANALYSIS = YES;
				CLANG_WARN_STRICT_PROTOTYPES = YES;
				CLANG_WARN_SUSPICIOUS_MOVE = YES;
				CLANG_WARN_UNGUARDED_AVAILABILITY = YES_AGGRESSIVE;
				CLANG_WARN_UNREACHABLE_CODE = YES;
				CLANG_WARN__DUPLICATE_METHOD_MATCH = YES;
				COPY_PHASE_STRIP = NO;
				DEBUG_INFORMATION_FORMAT = "dwarf-with-dsym";
				ENABLE_NS_ASSERTIONS = NO;
				ENABLE_STRICT_OBJC_MSGSEND = YES;
				ENABLE_USER_SCRIPT_SANDBOXING = YES;
				GCC_C_LANGUAGE_STANDARD = gnu17;
				GCC_NO_COMMON_BLOCKS = YES;
				GCC_WARN_64_TO_32_BIT_CONVERSION = YES;
				GCC_WARN_ABOUT_RETURN_TYPE = YES_ERROR;
				GCC_WARN_UNDECLARED_SELECTOR = YES;
				GCC_WARN_UNINITIALIZED_AUTOS = YES_AGGRESSIVE;
				GCC_WARN_UNUSED_FUNCTION = YES;
				GCC_WARN_UNUSED_VARIABLE = YES;
				IPHONEOS_DEPLOYMENT_TARGET = 17.5;
				LOCALIZATION_PREFERS_STRING_CATALOGS = YES;
				MTL_ENABLE_DEBUG_INFO = NO;
				MTL_FAST_MATH = YES;
				SDKROOT = iphoneos;
				SWIFT_COMPILATION_MODE = wholemodule;
				VALIDATE_PRODUCT = YES;
			};
			name = Release;
		};
		146F88AD2C8CBB9600F67720 /* Debug */ = {
			isa = XCBuildConfiguration;
			buildSettings = {
				ASSETCATALOG_COMPILER_APPICON_NAME = AppIcon;
				ASSETCATALOG_COMPILER_GLOBAL_ACCENT_COLOR_NAME = AccentColor;
				CODE_SIGN_STYLE = Automatic;
				CURRENT_PROJECT_VERSION = 1;
				DEVELOPMENT_TEAM = QPXSR9M985;
				GENERATE_INFOPLIST_FILE = YES;
				INFOPLIST_FILE = 1st_hw_LeeYouhyeon/Info.plist;
				INFOPLIST_KEY_UIApplicationSupportsIndirectInputEvents = YES;
				INFOPLIST_KEY_UILaunchStoryboardName = LaunchScreen;
				INFOPLIST_KEY_UIMainStoryboardFile = Main;
				INFOPLIST_KEY_UISupportedInterfaceOrientations_iPad = "UIInterfaceOrientationPortrait UIInterfaceOrientationPortraitUpsideDown UIInterfaceOrientationLandscapeLeft UIInterfaceOrientationLandscapeRight";
				INFOPLIST_KEY_UISupportedInterfaceOrientations_iPhone = "UIInterfaceOrientationPortrait UIInterfaceOrientationLandscapeLeft UIInterfaceOrientationLandscapeRight";
				LD_RUNPATH_SEARCH_PATHS = (
					"$(inherited)",
					"@executable_path/Frameworks",
				);
				MARKETING_VERSION = 1.0;
				PRODUCT_BUNDLE_IDENTIFIER = "com.lyh.-st-hw-LeeYouhyeon";
				PRODUCT_NAME = "$(TARGET_NAME)";
				SWIFT_EMIT_LOC_STRINGS = YES;
				SWIFT_VERSION = 5.0;
				TARGETED_DEVICE_FAMILY = "1,2";
			};
			name = Debug;
		};
		146F88AE2C8CBB9600F67720 /* Release */ = {
			isa = XCBuildConfiguration;
			buildSettings = {
				ASSETCATALOG_COMPILER_APPICON_NAME = AppIcon;
				ASSETCATALOG_COMPILER_GLOBAL_ACCENT_COLOR_NAME = AccentColor;
				CODE_SIGN_STYLE = Automatic;
				CURRENT_PROJECT_VERSION = 1;
				DEVELOPMENT_TEAM = QPXSR9M985;
				GENERATE_INFOPLIST_FILE = YES;
				INFOPLIST_FILE = 1st_hw_LeeYouhyeon/Info.plist;
				INFOPLIST_KEY_UIApplicationSupportsIndirectInputEvents = YES;
				INFOPLIST_KEY_UILaunchStoryboardName = LaunchScreen;
				INFOPLIST_KEY_UIMainStoryboardFile = Main;
				INFOPLIST_KEY_UISupportedInterfaceOrientations_iPad = "UIInterfaceOrientationPortrait UIInterfaceOrientationPortraitUpsideDown UIInterfaceOrientationLandscapeLeft UIInterfaceOrientationLandscapeRight";
				INFOPLIST_KEY_UISupportedInterfaceOrientations_iPhone = "UIInterfaceOrientationPortrait UIInterfaceOrientationLandscapeLeft UIInterfaceOrientationLandscapeRight";
				LD_RUNPATH_SEARCH_PATHS = (
					"$(inherited)",
					"@executable_path/Frameworks",
				);
				MARKETING_VERSION = 1.0;
				PRODUCT_BUNDLE_IDENTIFIER = "com.lyh.-st-hw-LeeYouhyeon";
				PRODUCT_NAME = "$(TARGET_NAME)";
				SWIFT_EMIT_LOC_STRINGS = YES;
				SWIFT_VERSION = 5.0;
				TARGETED_DEVICE_FAMILY = "1,2";
			};
			name = Release;
		};
		146F88B02C8CBB9600F67720 /* Debug */ = {
			isa = XCBuildConfiguration;
			buildSettings = {
				ALWAYS_EMBED_SWIFT_STANDARD_LIBRARIES = YES;
				BUNDLE_LOADER = "$(TEST_HOST)";
				CODE_SIGN_STYLE = Automatic;
				CURRENT_PROJECT_VERSION = 1;
				DEVELOPMENT_TEAM = QPXSR9M985;
				GENERATE_INFOPLIST_FILE = YES;
				IPHONEOS_DEPLOYMENT_TARGET = 17.5;
				MARKETING_VERSION = 1.0;
				PRODUCT_BUNDLE_IDENTIFIER = "com.lyh.-st-hw-LeeYouhyeonTests";
				PRODUCT_NAME = "$(TARGET_NAME)";
				SWIFT_EMIT_LOC_STRINGS = NO;
				SWIFT_VERSION = 5.0;
				TARGETED_DEVICE_FAMILY = "1,2";
				TEST_HOST = "$(BUILT_PRODUCTS_DIR)/1st_hw_LeeYouhyeon.app/$(BUNDLE_EXECUTABLE_FOLDER_PATH)/1st_hw_LeeYouhyeon";
			};
			name = Debug;
		};
		146F88B12C8CBB9600F67720 /* Release */ = {
			isa = XCBuildConfiguration;
			buildSettings = {
				ALWAYS_EMBED_SWIFT_STANDARD_LIBRARIES = YES;
				BUNDLE_LOADER = "$(TEST_HOST)";
				CODE_SIGN_STYLE = Automatic;
				CURRENT_PROJECT_VERSION = 1;
				DEVELOPMENT_TEAM = QPXSR9M985;
				GENERATE_INFOPLIST_FILE = YES;
				IPHONEOS_DEPLOYMENT_TARGET = 17.5;
				MARKETING_VERSION = 1.0;
				PRODUCT_BUNDLE_IDENTIFIER = "com.lyh.-st-hw-LeeYouhyeonTests";
				PRODUCT_NAME = "$(TARGET_NAME)";
				SWIFT_EMIT_LOC_STRINGS = NO;
				SWIFT_VERSION = 5.0;
				TARGETED_DEVICE_FAMILY = "1,2";
				TEST_HOST = "$(BUILT_PRODUCTS_DIR)/1st_hw_LeeYouhyeon.app/$(BUNDLE_EXECUTABLE_FOLDER_PATH)/1st_hw_LeeYouhyeon";
			};
			name = Release;
		};
		146F88B32C8CBB9600F67720 /* Debug */ = {
			isa = XCBuildConfiguration;
			buildSettings = {
				ALWAYS_EMBED_SWIFT_STANDARD_LIBRARIES = YES;
				CODE_SIGN_STYLE = Automatic;
				CURRENT_PROJECT_VERSION = 1;
				DEVELOPMENT_TEAM = QPXSR9M985;
				GENERATE_INFOPLIST_FILE = YES;
				MARKETING_VERSION = 1.0;
				PRODUCT_BUNDLE_IDENTIFIER = "com.lyh.-st-hw-LeeYouhyeonUITests";
				PRODUCT_NAME = "$(TARGET_NAME)";
				SWIFT_EMIT_LOC_STRINGS = NO;
				SWIFT_VERSION = 5.0;
				TARGETED_DEVICE_FAMILY = "1,2";
				TEST_TARGET_NAME = 1st_hw_LeeYouhyeon;
			};
			name = Debug;
		};
		146F88B42C8CBB9600F67720 /* Release */ = {
			isa = XCBuildConfiguration;
			buildSettings = {
				ALWAYS_EMBED_SWIFT_STANDARD_LIBRARIES = YES;
				CODE_SIGN_STYLE = Automatic;
				CURRENT_PROJECT_VERSION = 1;
				DEVELOPMENT_TEAM = QPXSR9M985;
				GENERATE_INFOPLIST_FILE = YES;
				MARKETING_VERSION = 1.0;
				PRODUCT_BUNDLE_IDENTIFIER = "com.lyh.-st-hw-LeeYouhyeonUITests";
				PRODUCT_NAME = "$(TARGET_NAME)";
				SWIFT_EMIT_LOC_STRINGS = NO;
				SWIFT_VERSION = 5.0;
				TARGETED_DEVICE_FAMILY = "1,2";
				TEST_TARGET_NAME = 1st_hw_LeeYouhyeon;
			};
			name = Release;
		};
/* End XCBuildConfiguration section */

/* Begin XCConfigurationList section */
		146F887D2C8CBB9300F67720 /* Build configuration list for PBXProject "1st_hw_LeeYouhyeon" */ = {
			isa = XCConfigurationList;
			buildConfigurations = (
				146F88AA2C8CBB9600F67720 /* Debug */,
				146F88AB2C8CBB9600F67720 /* Release */,
			);
			defaultConfigurationIsVisible = 0;
			defaultConfigurationName = Release;
		};
		146F88AC2C8CBB9600F67720 /* Build configuration list for PBXNativeTarget "1st_hw_LeeYouhyeon" */ = {
			isa = XCConfigurationList;
			buildConfigurations = (
				146F88AD2C8CBB9600F67720 /* Debug */,
				146F88AE2C8CBB9600F67720 /* Release */,
			);
			defaultConfigurationIsVisible = 0;
			defaultConfigurationName = Release;
		};
		146F88AF2C8CBB9600F67720 /* Build configuration list for PBXNativeTarget "1st_hw_LeeYouhyeonTests" */ = {
			isa = XCConfigurationList;
			buildConfigurations = (
				146F88B02C8CBB9600F67720 /* Debug */,
				146F88B12C8CBB9600F67720 /* Release */,
			);
			defaultConfigurationIsVisible = 0;
			defaultConfigurationName = Release;
		};
		146F88B22C8CBB9600F67720 /* Build configuration list for PBXNativeTarget "1st_hw_LeeYouhyeonUITests" */ = {
			isa = XCConfigurationList;
			buildConfigurations = (
				146F88B32C8CBB9600F67720 /* Debug */,
				146F88B42C8CBB9600F67720 /* Release */,
			);
			defaultConfigurationIsVisible = 0;
			defaultConfigurationName = Release;
		};
/* End XCConfigurationList section */
	};
	rootObject = 146F887A2C8CBB9300F67720 /* Project object */;
}
